// !$*UTF8*$!
{
	archiveVersion = 1;
	classes = {
	};
	objectVersion = 46;
	objects = {

/* Begin PBXBuildFile section */
		1885E6BB215DC02C00D6F30D /* RootVC2.m in Sources */ = {isa = PBXBuildFile; fileRef = 1885E6BA215DC02C00D6F30D /* RootVC2.m */; };
		1885E6BF215DC66300D6F30D /* RootVC2Cell.m in Sources */ = {isa = PBXBuildFile; fileRef = 1885E6BE215DC66300D6F30D /* RootVC2Cell.m */; };
		188C64FE215C826200A49E82 /* VCWkq1.m in Sources */ = {isa = PBXBuildFile; fileRef = 188C64FD215C826200A49E82 /* VCWkq1.m */; };
		188C6501215C827D00A49E82 /* VCWkq2.m in Sources */ = {isa = PBXBuildFile; fileRef = 188C6500215C827D00A49E82 /* VCWkq2.m */; };
		189112CE215B2EF200277685 /* UIViewController+track.m in Sources */ = {isa = PBXBuildFile; fileRef = 189112C9215B2EEF00277685 /* UIViewController+track.m */; };
		189112CF215B2EF200277685 /* PoporTrack.m in Sources */ = {isa = PBXBuildFile; fileRef = 189112CA215B2EF000277685 /* PoporTrack.m */; };
		189112D0215B2EF200277685 /* UIButton+track.m in Sources */ = {isa = PBXBuildFile; fileRef = 189112CB215B2EF000277685 /* UIButton+track.m */; };
		189112D3215B2F4C00277685 /* UIView+track.m in Sources */ = {isa = PBXBuildFile; fileRef = 189112D2215B2F4C00277685 /* UIView+track.m */; };
		189112D6215B62FE00277685 /* icon.png in Resources */ = {isa = PBXBuildFile; fileRef = 189112D5215B62FE00277685 /* icon.png */; };
		189112DA215B702B00277685 /* UIBarButtonItem+track.m in Sources */ = {isa = PBXBuildFile; fileRef = 189112D9215B702B00277685 /* UIBarButtonItem+track.m */; };
		18A8A0D8215CA1C40099BC6B /* VCWkq3.m in Sources */ = {isa = PBXBuildFile; fileRef = 18A8A0D7215CA1C40099BC6B /* VCWkq3.m */; };
		6003F58E195388D20070C39A /* Foundation.framework in Frameworks */ = {isa = PBXBuildFile; fileRef = 6003F58D195388D20070C39A /* Foundation.framework */; };
		6003F590195388D20070C39A /* CoreGraphics.framework in Frameworks */ = {isa = PBXBuildFile; fileRef = 6003F58F195388D20070C39A /* CoreGraphics.framework */; };
		6003F592195388D20070C39A /* UIKit.framework in Frameworks */ = {isa = PBXBuildFile; fileRef = 6003F591195388D20070C39A /* UIKit.framework */; };
		6003F598195388D20070C39A /* InfoPlist.strings in Resources */ = {isa = PBXBuildFile; fileRef = 6003F596195388D20070C39A /* InfoPlist.strings */; };
		6003F59A195388D20070C39A /* main.m in Sources */ = {isa = PBXBuildFile; fileRef = 6003F599195388D20070C39A /* main.m */; };
		6003F59E195388D20070C39A /* TrackIosAppDelegate.m in Sources */ = {isa = PBXBuildFile; fileRef = 6003F59D195388D20070C39A /* TrackIosAppDelegate.m */; };
		6003F5A7195388D20070C39A /* RootVC1.m in Sources */ = {isa = PBXBuildFile; fileRef = 6003F5A6195388D20070C39A /* RootVC1.m */; };
		6003F5A9195388D20070C39A /* Images.xcassets in Resources */ = {isa = PBXBuildFile; fileRef = 6003F5A8195388D20070C39A /* Images.xcassets */; };
		6003F5B0195388D20070C39A /* XCTest.framework in Frameworks */ = {isa = PBXBuildFile; fileRef = 6003F5AF195388D20070C39A /* XCTest.framework */; };
		6003F5B1195388D20070C39A /* Foundation.framework in Frameworks */ = {isa = PBXBuildFile; fileRef = 6003F58D195388D20070C39A /* Foundation.framework */; };
		6003F5B2195388D20070C39A /* UIKit.framework in Frameworks */ = {isa = PBXBuildFile; fileRef = 6003F591195388D20070C39A /* UIKit.framework */; };
		6003F5BA195388D20070C39A /* InfoPlist.strings in Resources */ = {isa = PBXBuildFile; fileRef = 6003F5B8195388D20070C39A /* InfoPlist.strings */; };
		6003F5BC195388D20070C39A /* Tests.m in Sources */ = {isa = PBXBuildFile; fileRef = 6003F5BB195388D20070C39A /* Tests.m */; };
		71719F9F1E33DC2100824A3D /* LaunchScreen.storyboard in Resources */ = {isa = PBXBuildFile; fileRef = 71719F9D1E33DC2100824A3D /* LaunchScreen.storyboard */; };
		79A19A0EB4EEDE6870076144 /* Pods_PoporTrack_Example.framework in Frameworks */ = {isa = PBXBuildFile; fileRef = 4294A50612A5BA1EF90FD05A /* Pods_PoporTrack_Example.framework */; };
		873B8AEB1B1F5CCA007FD442 /* Main.storyboard in Resources */ = {isa = PBXBuildFile; fileRef = 873B8AEA1B1F5CCA007FD442 /* Main.storyboard */; };
		CBA42FF0C1FE52777EEC46AE /* Pods_PoporTrack_Tests.framework in Frameworks */ = {isa = PBXBuildFile; fileRef = C6677A4DA090349205880FF9 /* Pods_PoporTrack_Tests.framework */; };
/* End PBXBuildFile section */

/* Begin PBXContainerItemProxy section */
		6003F5B3195388D20070C39A /* PBXContainerItemProxy */ = {
			isa = PBXContainerItemProxy;
			containerPortal = 6003F582195388D10070C39A /* Project object */;
			proxyType = 1;
			remoteGlobalIDString = 6003F589195388D20070C39A;
			remoteInfo = PoporTrack;
		};
/* End PBXContainerItemProxy section */

/* Begin PBXFileReference section */
		02357076E6C622D6577C61C2 /* Pods-PoporTrack_Tests.debug.xcconfig */ = {isa = PBXFileReference; includeInIndex = 1; lastKnownFileType = text.xcconfig; name = "Pods-PoporTrack_Tests.debug.xcconfig"; path = "Pods/Target Support Files/Pods-PoporTrack_Tests/Pods-PoporTrack_Tests.debug.xcconfig"; sourceTree = "<group>"; };
		1885E6B9215DC02C00D6F30D /* RootVC2.h */ = {isa = PBXFileReference; lastKnownFileType = sourcecode.c.h; path = RootVC2.h; sourceTree = "<group>"; };
		1885E6BA215DC02C00D6F30D /* RootVC2.m */ = {isa = PBXFileReference; lastKnownFileType = sourcecode.c.objc; path = RootVC2.m; sourceTree = "<group>"; };
		1885E6BD215DC66300D6F30D /* RootVC2Cell.h */ = {isa = PBXFileReference; lastKnownFileType = sourcecode.c.h; path = RootVC2Cell.h; sourceTree = "<group>"; };
		1885E6BE215DC66300D6F30D /* RootVC2Cell.m */ = {isa = PBXFileReference; lastKnownFileType = sourcecode.c.objc; path = RootVC2Cell.m; sourceTree = "<group>"; };
		188C64FC215C826200A49E82 /* VCWkq1.h */ = {isa = PBXFileReference; lastKnownFileType = sourcecode.c.h; path = VCWkq1.h; sourceTree = "<group>"; };
		188C64FD215C826200A49E82 /* VCWkq1.m */ = {isa = PBXFileReference; lastKnownFileType = sourcecode.c.objc; path = VCWkq1.m; sourceTree = "<group>"; };
		188C64FF215C827D00A49E82 /* VCWkq2.h */ = {isa = PBXFileReference; lastKnownFileType = sourcecode.c.h; path = VCWkq2.h; sourceTree = "<group>"; };
		188C6500215C827D00A49E82 /* VCWkq2.m */ = {isa = PBXFileReference; lastKnownFileType = sourcecode.c.objc; path = VCWkq2.m; sourceTree = "<group>"; };
		189112C8215B2EEF00277685 /* UIViewController+track.h */ = {isa = PBXFileReference; lastKnownFileType = sourcecode.c.h; path = "UIViewController+track.h"; sourceTree = "<group>"; };
		189112C9215B2EEF00277685 /* UIViewController+track.m */ = {isa = PBXFileReference; lastKnownFileType = sourcecode.c.objc; path = "UIViewController+track.m"; sourceTree = "<group>"; };
		189112CA215B2EF000277685 /* PoporTrack.m */ = {isa = PBXFileReference; lastKnownFileType = sourcecode.c.objc; path = PoporTrack.m; sourceTree = "<group>"; };
		189112CB215B2EF000277685 /* UIButton+track.m */ = {isa = PBXFileReference; lastKnownFileType = sourcecode.c.objc; path = "UIButton+track.m"; sourceTree = "<group>"; };
		189112CC215B2EF100277685 /* UIButton+track.h */ = {isa = PBXFileReference; lastKnownFileType = sourcecode.c.h; path = "UIButton+track.h"; sourceTree = "<group>"; };
		189112CD215B2EF100277685 /* PoporTrack.h */ = {isa = PBXFileReference; lastKnownFileType = sourcecode.c.h; path = PoporTrack.h; sourceTree = "<group>"; };
		189112D1215B2F4C00277685 /* UIView+track.h */ = {isa = PBXFileReference; lastKnownFileType = sourcecode.c.h; path = "UIView+track.h"; sourceTree = "<group>"; };
		189112D2215B2F4C00277685 /* UIView+track.m */ = {isa = PBXFileReference; lastKnownFileType = sourcecode.c.objc; path = "UIView+track.m"; sourceTree = "<group>"; };
		189112D5215B62FE00277685 /* icon.png */ = {isa = PBXFileReference; lastKnownFileType = image.png; path = icon.png; sourceTree = "<group>"; };
		189112D8215B702B00277685 /* UIBarButtonItem+track.h */ = {isa = PBXFileReference; lastKnownFileType = sourcecode.c.h; path = "UIBarButtonItem+track.h"; sourceTree = "<group>"; };
		189112D9215B702B00277685 /* UIBarButtonItem+track.m */ = {isa = PBXFileReference; lastKnownFileType = sourcecode.c.objc; path = "UIBarButtonItem+track.m"; sourceTree = "<group>"; };
		18A8A0D6215CA1C40099BC6B /* VCWkq3.h */ = {isa = PBXFileReference; lastKnownFileType = sourcecode.c.h; path = VCWkq3.h; sourceTree = "<group>"; };
		18A8A0D7215CA1C40099BC6B /* VCWkq3.m */ = {isa = PBXFileReference; lastKnownFileType = sourcecode.c.objc; path = VCWkq3.m; sourceTree = "<group>"; };
		4294A50612A5BA1EF90FD05A /* Pods_PoporTrack_Example.framework */ = {isa = PBXFileReference; explicitFileType = wrapper.framework; includeInIndex = 0; path = Pods_PoporTrack_Example.framework; sourceTree = BUILT_PRODUCTS_DIR; };
		548051F0888238774F9FFF0C /* README.md */ = {isa = PBXFileReference; includeInIndex = 1; lastKnownFileType = net.daringfireball.markdown; name = README.md; path = ../README.md; sourceTree = "<group>"; };
		6003F58A195388D20070C39A /* PoporTrack_Example.app */ = {isa = PBXFileReference; explicitFileType = wrapper.application; includeInIndex = 0; path = PoporTrack_Example.app; sourceTree = BUILT_PRODUCTS_DIR; };
		6003F58D195388D20070C39A /* Foundation.framework */ = {isa = PBXFileReference; lastKnownFileType = wrapper.framework; name = Foundation.framework; path = System/Library/Frameworks/Foundation.framework; sourceTree = SDKROOT; };
		6003F58F195388D20070C39A /* CoreGraphics.framework */ = {isa = PBXFileReference; lastKnownFileType = wrapper.framework; name = CoreGraphics.framework; path = System/Library/Frameworks/CoreGraphics.framework; sourceTree = SDKROOT; };
		6003F591195388D20070C39A /* UIKit.framework */ = {isa = PBXFileReference; lastKnownFileType = wrapper.framework; name = UIKit.framework; path = System/Library/Frameworks/UIKit.framework; sourceTree = SDKROOT; };
		6003F595195388D20070C39A /* PoporTrack-Info.plist */ = {isa = PBXFileReference; lastKnownFileType = text.plist.xml; path = "PoporTrack-Info.plist"; sourceTree = "<group>"; };
		6003F597195388D20070C39A /* en */ = {isa = PBXFileReference; lastKnownFileType = text.plist.strings; name = en; path = en.lproj/InfoPlist.strings; sourceTree = "<group>"; };
		6003F599195388D20070C39A /* main.m */ = {isa = PBXFileReference; lastKnownFileType = sourcecode.c.objc; path = main.m; sourceTree = "<group>"; };
		6003F59B195388D20070C39A /* PoporTrack-Prefix.pch */ = {isa = PBXFileReference; lastKnownFileType = sourcecode.c.h; path = "PoporTrack-Prefix.pch"; sourceTree = "<group>"; };
		6003F59C195388D20070C39A /* TrackIosAppDelegate.h */ = {isa = PBXFileReference; lastKnownFileType = sourcecode.c.h; path = TrackIosAppDelegate.h; sourceTree = "<group>"; };
		6003F59D195388D20070C39A /* TrackIosAppDelegate.m */ = {isa = PBXFileReference; lastKnownFileType = sourcecode.c.objc; path = TrackIosAppDelegate.m; sourceTree = "<group>"; };
		6003F5A5195388D20070C39A /* RootVC1.h */ = {isa = PBXFileReference; lastKnownFileType = sourcecode.c.h; path = RootVC1.h; sourceTree = "<group>"; };
		6003F5A6195388D20070C39A /* RootVC1.m */ = {isa = PBXFileReference; lastKnownFileType = sourcecode.c.objc; path = RootVC1.m; sourceTree = "<group>"; };
		6003F5A8195388D20070C39A /* Images.xcassets */ = {isa = PBXFileReference; lastKnownFileType = folder.assetcatalog; path = Images.xcassets; sourceTree = "<group>"; };
		6003F5AE195388D20070C39A /* PoporTrack_Tests.xctest */ = {isa = PBXFileReference; explicitFileType = wrapper.cfbundle; includeInIndex = 0; path = PoporTrack_Tests.xctest; sourceTree = BUILT_PRODUCTS_DIR; };
		6003F5AF195388D20070C39A /* XCTest.framework */ = {isa = PBXFileReference; lastKnownFileType = wrapper.framework; name = XCTest.framework; path = Library/Frameworks/XCTest.framework; sourceTree = DEVELOPER_DIR; };
		6003F5B7195388D20070C39A /* Tests-Info.plist */ = {isa = PBXFileReference; lastKnownFileType = text.plist.xml; path = "Tests-Info.plist"; sourceTree = "<group>"; };
		6003F5B9195388D20070C39A /* en */ = {isa = PBXFileReference; lastKnownFileType = text.plist.strings; name = en; path = en.lproj/InfoPlist.strings; sourceTree = "<group>"; };
		6003F5BB195388D20070C39A /* Tests.m */ = {isa = PBXFileReference; lastKnownFileType = sourcecode.c.objc; path = Tests.m; sourceTree = "<group>"; };
		606FC2411953D9B200FFA9A0 /* Tests-Prefix.pch */ = {isa = PBXFileReference; lastKnownFileType = sourcecode.c.h; path = "Tests-Prefix.pch"; sourceTree = "<group>"; };
		6D4FA19A117AFAFF5BDC23D1 /* Pods-PoporTrack_Example.release.xcconfig */ = {isa = PBXFileReference; includeInIndex = 1; lastKnownFileType = text.xcconfig; name = "Pods-PoporTrack_Example.release.xcconfig"; path = "Pods/Target Support Files/Pods-PoporTrack_Example/Pods-PoporTrack_Example.release.xcconfig"; sourceTree = "<group>"; };
		71719F9E1E33DC2100824A3D /* Base */ = {isa = PBXFileReference; lastKnownFileType = file.storyboard; name = Base; path = Base.lproj/LaunchScreen.storyboard; sourceTree = "<group>"; };
		734F5B846AE1D89D0EF68649 /* LICENSE */ = {isa = PBXFileReference; includeInIndex = 1; lastKnownFileType = text; name = LICENSE; path = ../LICENSE; sourceTree = "<group>"; };
		873B8AEA1B1F5CCA007FD442 /* Main.storyboard */ = {isa = PBXFileReference; fileEncoding = 4; lastKnownFileType = file.storyboard; path = Main.storyboard; sourceTree = "<group>"; };
		999AE84872260729CAC44EFB /* PoporTrack.podspec */ = {isa = PBXFileReference; includeInIndex = 1; lastKnownFileType = text; name = PoporTrack.podspec; path = ../PoporTrack.podspec; sourceTree = "<group>"; };
		B67D7F3D638D9CD7AFFCAFD0 /* Pods-PoporTrack_Example.debug.xcconfig */ = {isa = PBXFileReference; includeInIndex = 1; lastKnownFileType = text.xcconfig; name = "Pods-PoporTrack_Example.debug.xcconfig"; path = "Pods/Target Support Files/Pods-PoporTrack_Example/Pods-PoporTrack_Example.debug.xcconfig"; sourceTree = "<group>"; };
		C6677A4DA090349205880FF9 /* Pods_PoporTrack_Tests.framework */ = {isa = PBXFileReference; explicitFileType = wrapper.framework; includeInIndex = 0; path = Pods_PoporTrack_Tests.framework; sourceTree = BUILT_PRODUCTS_DIR; };
		D2131E5A183E9BA44C2D6DDB /* Pods-PoporTrack_Tests.release.xcconfig */ = {isa = PBXFileReference; includeInIndex = 1; lastKnownFileType = text.xcconfig; name = "Pods-PoporTrack_Tests.release.xcconfig"; path = "Pods/Target Support Files/Pods-PoporTrack_Tests/Pods-PoporTrack_Tests.release.xcconfig"; sourceTree = "<group>"; };
/* End PBXFileReference section */

/* Begin PBXFrameworksBuildPhase section */
		6003F587195388D20070C39A /* Frameworks */ = {
			isa = PBXFrameworksBuildPhase;
			buildActionMask = 2147483647;
			files = (
				6003F590195388D20070C39A /* CoreGraphics.framework in Frameworks */,
				6003F592195388D20070C39A /* UIKit.framework in Frameworks */,
				6003F58E195388D20070C39A /* Foundation.framework in Frameworks */,
				79A19A0EB4EEDE6870076144 /* Pods_PoporTrack_Example.framework in Frameworks */,
			);
			runOnlyForDeploymentPostprocessing = 0;
		};
		6003F5AB195388D20070C39A /* Frameworks */ = {
			isa = PBXFrameworksBuildPhase;
			buildActionMask = 2147483647;
			files = (
				6003F5B0195388D20070C39A /* XCTest.framework in Frameworks */,
				6003F5B2195388D20070C39A /* UIKit.framework in Frameworks */,
				6003F5B1195388D20070C39A /* Foundation.framework in Frameworks */,
				CBA42FF0C1FE52777EEC46AE /* Pods_PoporTrack_Tests.framework in Frameworks */,
			);
			runOnlyForDeploymentPostprocessing = 0;
		};
/* End PBXFrameworksBuildPhase section */

/* Begin PBXGroup section */
		181807362154B6EE00CB87CE /* other */ = {
			isa = PBXGroup;
			children = (
				873B8AEA1B1F5CCA007FD442 /* Main.storyboard */,
				71719F9D1E33DC2100824A3D /* LaunchScreen.storyboard */,
				6003F5A8195388D20070C39A /* Images.xcassets */,
				6003F594195388D20070C39A /* Supporting Files */,
			);
			name = other;
			sourceTree = "<group>";
		};
		1885E6B5215DBF1F00D6F30D /* RootVC2 */ = {
			isa = PBXGroup;
			children = (
				1885E6BC215DC64A00D6F30D /* cell */,
				1885E6B9215DC02C00D6F30D /* RootVC2.h */,
				1885E6BA215DC02C00D6F30D /* RootVC2.m */,
			);
			path = RootVC2;
			sourceTree = "<group>";
		};
		1885E6B6215DBF6600D6F30D /* RootVC1 */ = {
			isa = PBXGroup;
			children = (
				6003F5A5195388D20070C39A /* RootVC1.h */,
				6003F5A6195388D20070C39A /* RootVC1.m */,
				188C64FC215C826200A49E82 /* VCWkq1.h */,
				188C64FD215C826200A49E82 /* VCWkq1.m */,
				188C64FF215C827D00A49E82 /* VCWkq2.h */,
				188C6500215C827D00A49E82 /* VCWkq2.m */,
				18A8A0D6215CA1C40099BC6B /* VCWkq3.h */,
				18A8A0D7215CA1C40099BC6B /* VCWkq3.m */,
			);
			path = RootVC1;
			sourceTree = "<group>";
		};
		1885E6B7215DBF6F00D6F30D /* RootVC3 */ = {
			isa = PBXGroup;
			children = (
			);
			path = RootVC3;
			sourceTree = "<group>";
		};
		1885E6B8215DBF7700D6F30D /* RootVC4 */ = {
			isa = PBXGroup;
			children = (
			);
			path = RootVC4;
			sourceTree = "<group>";
		};
		1885E6BC215DC64A00D6F30D /* cell */ = {
			isa = PBXGroup;
			children = (
				1885E6BD215DC66300D6F30D /* RootVC2Cell.h */,
				1885E6BE215DC66300D6F30D /* RootVC2Cell.m */,
			);
			path = cell;
			sourceTree = "<group>";
		};
		1885E6C0215DC9A900D6F30D /* APP */ = {
			isa = PBXGroup;
			children = (
				6003F59C195388D20070C39A /* TrackIosAppDelegate.h */,
				6003F59D195388D20070C39A /* TrackIosAppDelegate.m */,
			);
			path = APP;
			sourceTree = "<group>";
		};
		189112D4215B2F5500277685 /* track */ = {
			isa = PBXGroup;
			children = (
				189112CD215B2EF100277685 /* PoporTrack.h */,
				189112CA215B2EF000277685 /* PoporTrack.m */,
				189112D1215B2F4C00277685 /* UIView+track.h */,
				189112D2215B2F4C00277685 /* UIView+track.m */,
				189112CC215B2EF100277685 /* UIButton+track.h */,
				189112CB215B2EF000277685 /* UIButton+track.m */,
				189112C8215B2EEF00277685 /* UIViewController+track.h */,
				189112C9215B2EEF00277685 /* UIViewController+track.m */,
			);
			path = track;
			sourceTree = "<group>";
		};
		189112D7215B6F0900277685 /* wkqtrack */ = {
			isa = PBXGroup;
			children = (
				189112D8215B702B00277685 /* UIBarButtonItem+track.h */,
				189112D9215B702B00277685 /* UIBarButtonItem+track.m */,
			);
			path = wkqtrack;
			sourceTree = "<group>";
		};
		6003F581195388D10070C39A = {
			isa = PBXGroup;
			children = (
				60FF7A9C1954A5C5007DD14C /* Podspec Metadata */,
				6003F593195388D20070C39A /* Example for PoporTrack */,
				6003F5B5195388D20070C39A /* Tests */,
				6003F58C195388D20070C39A /* Frameworks */,
				6003F58B195388D20070C39A /* Products */,
				A45537DCAF51BDDE363DFEEA /* Pods */,
			);
			sourceTree = "<group>";
		};
		6003F58B195388D20070C39A /* Products */ = {
			isa = PBXGroup;
			children = (
				6003F58A195388D20070C39A /* PoporTrack_Example.app */,
				6003F5AE195388D20070C39A /* PoporTrack_Tests.xctest */,
			);
			name = Products;
			sourceTree = "<group>";
		};
		6003F58C195388D20070C39A /* Frameworks */ = {
			isa = PBXGroup;
			children = (
				6003F58D195388D20070C39A /* Foundation.framework */,
				6003F58F195388D20070C39A /* CoreGraphics.framework */,
				6003F591195388D20070C39A /* UIKit.framework */,
				6003F5AF195388D20070C39A /* XCTest.framework */,
				4294A50612A5BA1EF90FD05A /* Pods_PoporTrack_Example.framework */,
				C6677A4DA090349205880FF9 /* Pods_PoporTrack_Tests.framework */,
			);
			name = Frameworks;
			sourceTree = "<group>";
		};
		6003F593195388D20070C39A /* Example for PoporTrack */ = {
			isa = PBXGroup;
			children = (
				189112D5215B62FE00277685 /* icon.png */,
				189112D4215B2F5500277685 /* track */,
				189112D7215B6F0900277685 /* wkqtrack */,
				181807362154B6EE00CB87CE /* other */,
				1885E6C0215DC9A900D6F30D /* APP */,
				1885E6B6215DBF6600D6F30D /* RootVC1 */,
				1885E6B5215DBF1F00D6F30D /* RootVC2 */,
				1885E6B7215DBF6F00D6F30D /* RootVC3 */,
				1885E6B8215DBF7700D6F30D /* RootVC4 */,
			);
			name = "Example for PoporTrack";
			path = PoporTrack;
			sourceTree = "<group>";
		};
		6003F594195388D20070C39A /* Supporting Files */ = {
			isa = PBXGroup;
			children = (
				6003F595195388D20070C39A /* PoporTrack-Info.plist */,
				6003F596195388D20070C39A /* InfoPlist.strings */,
				6003F599195388D20070C39A /* main.m */,
				6003F59B195388D20070C39A /* PoporTrack-Prefix.pch */,
			);
			name = "Supporting Files";
			sourceTree = "<group>";
		};
		6003F5B5195388D20070C39A /* Tests */ = {
			isa = PBXGroup;
			children = (
				6003F5BB195388D20070C39A /* Tests.m */,
				6003F5B6195388D20070C39A /* Supporting Files */,
			);
			path = Tests;
			sourceTree = "<group>";
		};
		6003F5B6195388D20070C39A /* Supporting Files */ = {
			isa = PBXGroup;
			children = (
				6003F5B7195388D20070C39A /* Tests-Info.plist */,
				6003F5B8195388D20070C39A /* InfoPlist.strings */,
				606FC2411953D9B200FFA9A0 /* Tests-Prefix.pch */,
			);
			name = "Supporting Files";
			sourceTree = "<group>";
		};
		60FF7A9C1954A5C5007DD14C /* Podspec Metadata */ = {
			isa = PBXGroup;
			children = (
				999AE84872260729CAC44EFB /* PoporTrack.podspec */,
				548051F0888238774F9FFF0C /* README.md */,
				734F5B846AE1D89D0EF68649 /* LICENSE */,
			);
			name = "Podspec Metadata";
			sourceTree = "<group>";
		};
		A45537DCAF51BDDE363DFEEA /* Pods */ = {
			isa = PBXGroup;
			children = (
				B67D7F3D638D9CD7AFFCAFD0 /* Pods-PoporTrack_Example.debug.xcconfig */,
				6D4FA19A117AFAFF5BDC23D1 /* Pods-PoporTrack_Example.release.xcconfig */,
				02357076E6C622D6577C61C2 /* Pods-PoporTrack_Tests.debug.xcconfig */,
				D2131E5A183E9BA44C2D6DDB /* Pods-PoporTrack_Tests.release.xcconfig */,
			);
			name = Pods;
			sourceTree = "<group>";
		};
/* End PBXGroup section */

/* Begin PBXNativeTarget section */
		6003F589195388D20070C39A /* PoporTrack_Example */ = {
			isa = PBXNativeTarget;
			buildConfigurationList = 6003F5BF195388D20070C39A /* Build configuration list for PBXNativeTarget "PoporTrack_Example" */;
			buildPhases = (
				12C3C11E405BB138F2C7C510 /* [CP] Check Pods Manifest.lock */,
				6003F586195388D20070C39A /* Sources */,
				6003F587195388D20070C39A /* Frameworks */,
				6003F588195388D20070C39A /* Resources */,
				742301EC142178C9625E4610 /* [CP] Embed Pods Frameworks */,
			);
			buildRules = (
			);
			dependencies = (
			);
			name = PoporTrack_Example;
			productName = PoporTrack;
			productReference = 6003F58A195388D20070C39A /* PoporTrack_Example.app */;
			productType = "com.apple.product-type.application";
		};
		6003F5AD195388D20070C39A /* PoporTrack_Tests */ = {
			isa = PBXNativeTarget;
			buildConfigurationList = 6003F5C2195388D20070C39A /* Build configuration list for PBXNativeTarget "PoporTrack_Tests" */;
			buildPhases = (
				A4AB62B0C9B067872BFE2C31 /* [CP] Check Pods Manifest.lock */,
				6003F5AA195388D20070C39A /* Sources */,
				6003F5AB195388D20070C39A /* Frameworks */,
				6003F5AC195388D20070C39A /* Resources */,
			);
			buildRules = (
			);
			dependencies = (
				6003F5B4195388D20070C39A /* PBXTargetDependency */,
			);
			name = PoporTrack_Tests;
			productName = PoporTrackTests;
			productReference = 6003F5AE195388D20070C39A /* PoporTrack_Tests.xctest */;
			productType = "com.apple.product-type.bundle.unit-test";
		};
/* End PBXNativeTarget section */

/* Begin PBXProject section */
		6003F582195388D10070C39A /* Project object */ = {
			isa = PBXProject;
			attributes = {
				CLASSPREFIX = TrackIos;
				LastUpgradeCheck = 0720;
				ORGANIZATIONNAME = popor;
				TargetAttributes = {
					6003F5AD195388D20070C39A = {
						TestTargetID = 6003F589195388D20070C39A;
					};
				};
			};
			buildConfigurationList = 6003F585195388D10070C39A /* Build configuration list for PBXProject "PoporTrack" */;
			compatibilityVersion = "Xcode 3.2";
			developmentRegion = English;
			hasScannedForEncodings = 0;
			knownRegions = (
				en,
				Base,
			);
			mainGroup = 6003F581195388D10070C39A;
			productRefGroup = 6003F58B195388D20070C39A /* Products */;
			projectDirPath = "";
			projectRoot = "";
			targets = (
				6003F589195388D20070C39A /* PoporTrack_Example */,
				6003F5AD195388D20070C39A /* PoporTrack_Tests */,
			);
		};
/* End PBXProject section */

/* Begin PBXResourcesBuildPhase section */
		6003F588195388D20070C39A /* Resources */ = {
			isa = PBXResourcesBuildPhase;
			buildActionMask = 2147483647;
			files = (
				873B8AEB1B1F5CCA007FD442 /* Main.storyboard in Resources */,
				189112D6215B62FE00277685 /* icon.png in Resources */,
				71719F9F1E33DC2100824A3D /* LaunchScreen.storyboard in Resources */,
				6003F5A9195388D20070C39A /* Images.xcassets in Resources */,
				6003F598195388D20070C39A /* InfoPlist.strings in Resources */,
			);
			runOnlyForDeploymentPostprocessing = 0;
		};
		6003F5AC195388D20070C39A /* Resources */ = {
			isa = PBXResourcesBuildPhase;
			buildActionMask = 2147483647;
			files = (
				6003F5BA195388D20070C39A /* InfoPlist.strings in Resources */,
			);
			runOnlyForDeploymentPostprocessing = 0;
		};
/* End PBXResourcesBuildPhase section */

/* Begin PBXShellScriptBuildPhase section */
		12C3C11E405BB138F2C7C510 /* [CP] Check Pods Manifest.lock */ = {
			isa = PBXShellScriptBuildPhase;
			buildActionMask = 2147483647;
			files = (
			);
			inputPaths = (
				"${PODS_PODFILE_DIR_PATH}/Podfile.lock",
				"${PODS_ROOT}/Manifest.lock",
			);
			name = "[CP] Check Pods Manifest.lock";
			outputPaths = (
				"$(DERIVED_FILE_DIR)/Pods-PoporTrack_Example-checkManifestLockResult.txt",
			);
			runOnlyForDeploymentPostprocessing = 0;
			shellPath = /bin/sh;
			shellScript = "diff \"${PODS_PODFILE_DIR_PATH}/Podfile.lock\" \"${PODS_ROOT}/Manifest.lock\" > /dev/null\nif [ $? != 0 ] ; then\n    # print error to STDERR\n    echo \"error: The sandbox is not in sync with the Podfile.lock. Run 'pod install' or update your CocoaPods installation.\" >&2\n    exit 1\nfi\n# This output is used by Xcode 'outputs' to avoid re-running this script phase.\necho \"SUCCESS\" > \"${SCRIPT_OUTPUT_FILE_0}\"\n";
			showEnvVarsInLog = 0;
		};
		742301EC142178C9625E4610 /* [CP] Embed Pods Frameworks */ = {
			isa = PBXShellScriptBuildPhase;
			buildActionMask = 2147483647;
			files = (
			);
			inputPaths = (
				"${PODS_ROOT}/Target Support Files/Pods-PoporTrack_Example/Pods-PoporTrack_Example-frameworks.sh",
				"${BUILT_PRODUCTS_DIR}/Masonry/Masonry.framework",
				"${BUILT_PRODUCTS_DIR}/PoporFoundation/PoporFoundation.framework",
			);
			name = "[CP] Embed Pods Frameworks";
			outputPaths = (
				"${TARGET_BUILD_DIR}/${FRAMEWORKS_FOLDER_PATH}/Masonry.framework",
				"${TARGET_BUILD_DIR}/${FRAMEWORKS_FOLDER_PATH}/PoporFoundation.framework",
			);
			runOnlyForDeploymentPostprocessing = 0;
			shellPath = /bin/sh;
			shellScript = "\"${PODS_ROOT}/Target Support Files/Pods-PoporTrack_Example/Pods-PoporTrack_Example-frameworks.sh\"\n";
			showEnvVarsInLog = 0;
		};
		A4AB62B0C9B067872BFE2C31 /* [CP] Check Pods Manifest.lock */ = {
			isa = PBXShellScriptBuildPhase;
			buildActionMask = 2147483647;
			files = (
			);
			inputPaths = (
				"${PODS_PODFILE_DIR_PATH}/Podfile.lock",
				"${PODS_ROOT}/Manifest.lock",
			);
			name = "[CP] Check Pods Manifest.lock";
			outputPaths = (
				"$(DERIVED_FILE_DIR)/Pods-PoporTrack_Tests-checkManifestLockResult.txt",
			);
			runOnlyForDeploymentPostprocessing = 0;
			shellPath = /bin/sh;
			shellScript = "diff \"${PODS_PODFILE_DIR_PATH}/Podfile.lock\" \"${PODS_ROOT}/Manifest.lock\" > /dev/null\nif [ $? != 0 ] ; then\n    # print error to STDERR\n    echo \"error: The sandbox is not in sync with the Podfile.lock. Run 'pod install' or update your CocoaPods installation.\" >&2\n    exit 1\nfi\n# This output is used by Xcode 'outputs' to avoid re-running this script phase.\necho \"SUCCESS\" > \"${SCRIPT_OUTPUT_FILE_0}\"\n";
			showEnvVarsInLog = 0;
		};
/* End PBXShellScriptBuildPhase section */

/* Begin PBXSourcesBuildPhase section */
		6003F586195388D20070C39A /* Sources */ = {
			isa = PBXSourcesBuildPhase;
			buildActionMask = 2147483647;
			files = (
				188C6501215C827D00A49E82 /* VCWkq2.m in Sources */,
				6003F59E195388D20070C39A /* TrackIosAppDelegate.m in Sources */,
				189112DA215B702B00277685 /* UIBarButtonItem+track.m in Sources */,
				189112D0215B2EF200277685 /* UIButton+track.m in Sources */,
				1885E6BF215DC66300D6F30D /* RootVC2Cell.m in Sources */,
				189112D3215B2F4C00277685 /* UIView+track.m in Sources */,
				6003F5A7195388D20070C39A /* RootVC1.m in Sources */,
				189112CF215B2EF200277685 /* PoporTrack.m in Sources */,
				1885E6BB215DC02C00D6F30D /* RootVC2.m in Sources */,
				188C64FE215C826200A49E82 /* VCWkq1.m in Sources */,
				6003F59A195388D20070C39A /* main.m in Sources */,
				18A8A0D8215CA1C40099BC6B /* VCWkq3.m in Sources */,
				189112CE215B2EF200277685 /* UIViewController+track.m in Sources */,
			);
			runOnlyForDeploymentPostprocessing = 0;
		};
		6003F5AA195388D20070C39A /* Sources */ = {
			isa = PBXSourcesBuildPhase;
			buildActionMask = 2147483647;
			files = (
				6003F5BC195388D20070C39A /* Tests.m in Sources */,
			);
			runOnlyForDeploymentPostprocessing = 0;
		};
/* End PBXSourcesBuildPhase section */

/* Begin PBXTargetDependency section */
		6003F5B4195388D20070C39A /* PBXTargetDependency */ = {
			isa = PBXTargetDependency;
			target = 6003F589195388D20070C39A /* PoporTrack_Example */;
			targetProxy = 6003F5B3195388D20070C39A /* PBXContainerItemProxy */;
		};
/* End PBXTargetDependency section */

/* Begin PBXVariantGroup section */
		6003F596195388D20070C39A /* InfoPlist.strings */ = {
			isa = PBXVariantGroup;
			children = (
				6003F597195388D20070C39A /* en */,
			);
			name = InfoPlist.strings;
			sourceTree = "<group>";
		};
		6003F5B8195388D20070C39A /* InfoPlist.strings */ = {
			isa = PBXVariantGroup;
			children = (
				6003F5B9195388D20070C39A /* en */,
			);
			name = InfoPlist.strings;
			sourceTree = "<group>";
		};
		71719F9D1E33DC2100824A3D /* LaunchScreen.storyboard */ = {
			isa = PBXVariantGroup;
			children = (
				71719F9E1E33DC2100824A3D /* Base */,
			);
			name = LaunchScreen.storyboard;
			sourceTree = "<group>";
		};
/* End PBXVariantGroup section */

/* Begin XCBuildConfiguration section */
		6003F5BD195388D20070C39A /* Debug */ = {
			isa = XCBuildConfiguration;
			buildSettings = {
				ALWAYS_SEARCH_USER_PATHS = NO;
				CLANG_CXX_LANGUAGE_STANDARD = "gnu++0x";
				CLANG_CXX_LIBRARY = "libc++";
				CLANG_ENABLE_MODULES = YES;
				CLANG_ENABLE_OBJC_ARC = YES;
				CLANG_WARN_BOOL_CONVERSION = YES;
				CLANG_WARN_CONSTANT_CONVERSION = YES;
				CLANG_WARN_DIRECT_OBJC_ISA_USAGE = YES_ERROR;
				CLANG_WARN_EMPTY_BODY = YES;
				CLANG_WARN_ENUM_CONVERSION = YES;
				CLANG_WARN_INT_CONVERSION = YES;
				CLANG_WARN_OBJC_ROOT_CLASS = YES_ERROR;
				CLANG_WARN__DUPLICATE_METHOD_MATCH = YES;
				"CODE_SIGN_IDENTITY[sdk=iphoneos*]" = "iPhone Developer";
				COPY_PHASE_STRIP = NO;
				ENABLE_TESTABILITY = YES;
				GCC_C_LANGUAGE_STANDARD = gnu99;
				GCC_DYNAMIC_NO_PIC = NO;
				GCC_OPTIMIZATION_LEVEL = 0;
				GCC_PREPROCESSOR_DEFINITIONS = (
					"DEBUG=1",
					"$(inherited)",
				);
				GCC_SYMBOLS_PRIVATE_EXTERN = NO;
				GCC_WARN_64_TO_32_BIT_CONVERSION = YES;
				GCC_WARN_ABOUT_RETURN_TYPE = YES_ERROR;
				GCC_WARN_UNDECLARED_SELECTOR = YES;
				GCC_WARN_UNINITIALIZED_AUTOS = YES_AGGRESSIVE;
				GCC_WARN_UNUSED_FUNCTION = YES;
				GCC_WARN_UNUSED_VARIABLE = YES;
				IPHONEOS_DEPLOYMENT_TARGET = 9.3;
				ONLY_ACTIVE_ARCH = YES;
				SDKROOT = iphoneos;
				TARGETED_DEVICE_FAMILY = "1,2";
			};
			name = Debug;
		};
		6003F5BE195388D20070C39A /* Release */ = {
			isa = XCBuildConfiguration;
			buildSettings = {
				ALWAYS_SEARCH_USER_PATHS = NO;
				CLANG_CXX_LANGUAGE_STANDARD = "gnu++0x";
				CLANG_CXX_LIBRARY = "libc++";
				CLANG_ENABLE_MODULES = YES;
				CLANG_ENABLE_OBJC_ARC = YES;
				CLANG_WARN_BOOL_CONVERSION = YES;
				CLANG_WARN_CONSTANT_CONVERSION = YES;
				CLANG_WARN_DIRECT_OBJC_ISA_USAGE = YES_ERROR;
				CLANG_WARN_EMPTY_BODY = YES;
				CLANG_WARN_ENUM_CONVERSION = YES;
				CLANG_WARN_INT_CONVERSION = YES;
				CLANG_WARN_OBJC_ROOT_CLASS = YES_ERROR;
				CLANG_WARN__DUPLICATE_METHOD_MATCH = YES;
				"CODE_SIGN_IDENTITY[sdk=iphoneos*]" = "iPhone Developer";
				COPY_PHASE_STRIP = YES;
				ENABLE_NS_ASSERTIONS = NO;
				GCC_C_LANGUAGE_STANDARD = gnu99;
				GCC_WARN_64_TO_32_BIT_CONVERSION = YES;
				GCC_WARN_ABOUT_RETURN_TYPE = YES_ERROR;
				GCC_WARN_UNDECLARED_SELECTOR = YES;
				GCC_WARN_UNINITIALIZED_AUTOS = YES_AGGRESSIVE;
				GCC_WARN_UNUSED_FUNCTION = YES;
				GCC_WARN_UNUSED_VARIABLE = YES;
				IPHONEOS_DEPLOYMENT_TARGET = 9.3;
				SDKROOT = iphoneos;
				TARGETED_DEVICE_FAMILY = "1,2";
				VALIDATE_PRODUCT = YES;
			};
			name = Release;
		};
		6003F5C0195388D20070C39A /* Debug */ = {
			isa = XCBuildConfiguration;
			baseConfigurationReference = B67D7F3D638D9CD7AFFCAFD0 /* Pods-PoporTrack_Example.debug.xcconfig */;
			buildSettings = {
				ASSETCATALOG_COMPILER_APPICON_NAME = AppIcon;
				GCC_PRECOMPILE_PREFIX_HEADER = YES;
				GCC_PREFIX_HEADER = "PoporTrack/PoporTrack-Prefix.pch";
				INFOPLIST_FILE = "PoporTrack/PoporTrack-Info.plist";
				MODULE_NAME = ExampleApp;
				PRODUCT_BUNDLE_IDENTIFIER = "org.cocoapods.demo.${PRODUCT_NAME:rfc1034identifier}";
				PRODUCT_NAME = "$(TARGET_NAME)";
				WRAPPER_EXTENSION = app;
			};
			name = Debug;
		};
		6003F5C1195388D20070C39A /* Release */ = {
			isa = XCBuildConfiguration;
			baseConfigurationReference = 6D4FA19A117AFAFF5BDC23D1 /* Pods-PoporTrack_Example.release.xcconfig */;
			buildSettings = {
				ASSETCATALOG_COMPILER_APPICON_NAME = AppIcon;
				GCC_PRECOMPILE_PREFIX_HEADER = YES;
				GCC_PREFIX_HEADER = "PoporTrack/PoporTrack-Prefix.pch";
				INFOPLIST_FILE = "PoporTrack/PoporTrack-Info.plist";
				MODULE_NAME = ExampleApp;
				PRODUCT_BUNDLE_IDENTIFIER = "org.cocoapods.demo.${PRODUCT_NAME:rfc1034identifier}";
				PRODUCT_NAME = "$(TARGET_NAME)";
				WRAPPER_EXTENSION = app;
			};
			name = Release;
		};
		6003F5C3195388D20070C39A /* Debug */ = {
			isa = XCBuildConfiguration;
			baseConfigurationReference = 02357076E6C622D6577C61C2 /* Pods-PoporTrack_Tests.debug.xcconfig */;
			buildSettings = {
				BUNDLE_LOADER = "$(TEST_HOST)";
				FRAMEWORK_SEARCH_PATHS = (
					"$(SDKROOT)/Developer/Library/Frameworks",
					"$(inherited)",
					"$(DEVELOPER_FRAMEWORKS_DIR)",
				);
				GCC_PRECOMPILE_PREFIX_HEADER = YES;
				GCC_PREFIX_HEADER = "Tests/Tests-Prefix.pch";
				GCC_PREPROCESSOR_DEFINITIONS = (
					"DEBUG=1",
					"$(inherited)",
				);
				INFOPLIST_FILE = "Tests/Tests-Info.plist";
				PRODUCT_BUNDLE_IDENTIFIER = "org.cocoapods.demo.${PRODUCT_NAME:rfc1034identifier}";
				PRODUCT_NAME = "$(TARGET_NAME)";
				TEST_HOST = "$(BUILT_PRODUCTS_DIR)/PoporTrack_Example.app/PoporTrack_Example";
				WRAPPER_EXTENSION = xctest;
			};
			name = Debug;
		};
		6003F5C4195388D20070C39A /* Release */ = {
			isa = XCBuildConfiguration;
			baseConfigurationReference = D2131E5A183E9BA44C2D6DDB /* Pods-PoporTrack_Tests.release.xcconfig */;
			buildSettings = {
				BUNDLE_LOADER = "$(TEST_HOST)";
				FRAMEWORK_SEARCH_PATHS = (
					"$(SDKROOT)/Developer/Library/Frameworks",
					"$(inherited)",
					"$(DEVELOPER_FRAMEWORKS_DIR)",
				);
				GCC_PRECOMPILE_PREFIX_HEADER = YES;
				GCC_PREFIX_HEADER = "Tests/Tests-Prefix.pch";
				INFOPLIST_FILE = "Tests/Tests-Info.plist";
				PRODUCT_BUNDLE_IDENTIFIER = "org.cocoapods.demo.${PRODUCT_NAME:rfc1034identifier}";
				PRODUCT_NAME = "$(TARGET_NAME)";
				TEST_HOST = "$(BUILT_PRODUCTS_DIR)/PoporTrack_Example.app/PoporTrack_Example";
				WRAPPER_EXTENSION = xctest;
			};
			name = Release;
		};
/* End XCBuildConfiguration section */

/* Begin XCConfigurationList section */
		6003F585195388D10070C39A /* Build configuration list for PBXProject "PoporTrack" */ = {
			isa = XCConfigurationList;
			buildConfigurations = (
				6003F5BD195388D20070C39A /* Debug */,
				6003F5BE195388D20070C39A /* Release */,
			);
			defaultConfigurationIsVisible = 0;
			defaultConfigurationName = Release;
		};
		6003F5BF195388D20070C39A /* Build configuration list for PBXNativeTarget "PoporTrack_Example" */ = {
			isa = XCConfigurationList;
			buildConfigurations = (
				6003F5C0195388D20070C39A /* Debug */,
				6003F5C1195388D20070C39A /* Release */,
			);
			defaultConfigurationIsVisible = 0;
			defaultConfigurationName = Release;
		};
		6003F5C2195388D20070C39A /* Build configuration list for PBXNativeTarget "PoporTrack_Tests" */ = {
			isa = XCConfigurationList;
			buildConfigurations = (
				6003F5C3195388D20070C39A /* Debug */,
				6003F5C4195388D20070C39A /* Release */,
			);
			defaultConfigurationIsVisible = 0;
			defaultConfigurationName = Release;
		};
/* End XCConfigurationList section */
	};
	rootObject = 6003F582195388D10070C39A /* Project object */;
}
